
Microsoft Visual Studio Solution File, Format Version 12.00
# Visual Studio Version 16
VisualStudioVersion = 16.0.31702.278
MinimumVisualStudioVersion = 10.0.40219.1
Project("{FAE04EC0-301F-11D3-BF4B-00C04F79EFBC}") = "WebAPI", "WebAPI\WebAPI.csproj", "{117C5FAB-D916-4B24-BA00-77F098664207}"
EndProject
Project("{FAE04EC0-301F-11D3-BF4B-00C04F79EFBC}") = "Service", "Service\Service.csproj", "{1CF41F65-4C11-4586-8890-5D2CA876A38A}"
EndProject
Project("{FAE04EC0-301F-11D3-BF4B-00C04F79EFBC}") = "Data", "Data\Data.csproj", "{EB2802BB-2477-465D-B4AB-585A3D04CE0E}"
EndProject
Project("{FAE04EC0-301F-11D3-BF4B-00C04F79EFBC}") = "Common", "Common\Common.csproj", "{A51BCD13-25D2-4D07-ABF4-0F3F7CF2E7E5}"
EndProject
Project("{FAE04EC0-301F-11D3-BF4B-00C04F79EFBC}") = "AllocationTest", "AllocationTest\AllocationTest.csproj", "{0CD338C6-E9B6-4618-A6F8-01B3B0553F45}"
EndProject
Global
	GlobalSection(SolutionConfigurationPlatforms) = preSolution
		Debug|Any CPU = Debug|Any CPU
		Release|Any CPU = Release|Any CPU
	EndGlobalSection
	GlobalSection(ProjectConfigurationPlatforms) = postSolution
		{117C5FAB-D916-4B24-BA00-77F098664207}.Debug|Any CPU.ActiveCfg = Debug|Any CPU
		{117C5FAB-D916-4B24-BA00-77F098664207}.Debug|Any CPU.Build.0 = Debug|Any CPU
		{117C5FAB-D916-4B24-BA00-77F098664207}.Release|Any CPU.ActiveCfg = Release|Any CPU
		{117C5FAB-D916-4B24-BA00-77F098664207}.Release|Any CPU.Build.0 = Release|Any CPU
		{1CF41F65-4C11-4586-8890-5D2CA876A38A}.Debug|Any CPU.ActiveCfg = Debug|Any CPU
		{1CF41F65-4C11-4586-8890-5D2CA876A38A}.Debug|Any CPU.Build.0 = Debug|Any CPU
		{1CF41F65-4C11-4586-8890-5D2CA876A38A}.Release|Any CPU.ActiveCfg = Release|Any CPU
		{1CF41F65-4C11-4586-8890-5D2CA876A38A}.Release|Any CPU.Build.0 = Release|Any CPU
		{EB2802BB-2477-465D-B4AB-585A3D04CE0E}.Debug|Any CPU.ActiveCfg = Debug|Any CPU
		{EB2802BB-2477-465D-B4AB-585A3D04CE0E}.Debug|Any CPU.Build.0 = Debug|Any CPU
		{EB2802BB-2477-465D-B4AB-585A3D04CE0E}.Release|Any CPU.ActiveCfg = Release|Any CPU
		{EB2802BB-2477-465D-B4AB-585A3D04CE0E}.Release|Any CPU.Build.0 = Release|Any CPU
		{A51BCD13-25D2-4D07-ABF4-0F3F7CF2E7E5}.Debug|Any CPU.ActiveCfg = Debug|Any CPU
		{A51BCD13-25D2-4D07-ABF4-0F3F7CF2E7E5}.Debug|Any CPU.Build.0 = Debug|Any CPU
		{A51BCD13-25D2-4D07-ABF4-0F3F7CF2E7E5}.Release|Any CPU.ActiveCfg = Release|Any CPU
		{A51BCD13-25D2-4D07-ABF4-0F3F7CF2E7E5}.Release|Any CPU.Build.0 = Release|Any CPU
		{0CD338C6-E9B6-4618-A6F8-01B3B0553F45}.Debug|Any CPU.ActiveCfg = Debug|Any CPU
		{0CD338C6-E9B6-4618-A6F8-01B3B0553F45}.Debug|Any CPU.Build.0 = Debug|Any CPU
		{0CD338C6-E9B6-4618-A6F8-01B3B0553F45}.Release|Any CPU.ActiveCfg = Release|Any CPU
		{0CD338C6-E9B6-4618-A6F8-01B3B0553F45}.Release|Any CPU.Build.0 = Release|Any CPU
	EndGlobalSection
	GlobalSection(SolutionProperties) = preSolution
		HideSolutionNode = FALSE
	EndGlobalSection
	GlobalSection(ExtensibilityGlobals) = postSolution
		SolutionGuid = {8D30F2F6-F440-4C14-BF93-0BD004BA5575}
	EndGlobalSection
EndGlobal
